# Citadel signer container digest lock
# Format: <image>=<digest>

ghcr.io/citadel/signer-base=sha256:1111111111111111111111111111111111111111111111111111111111111111
ghcr.io/citadel/signer-pkcs11=sha256:2222222222222222222222222222222222222222222222222222222222222222
ghcr.io/citadel/signer-attestation=sha256:3333333333333333333333333333333333333333333333333333333333333333
